
Microsoft Visual Studio Solution File, Format Version 12.00
# Visual Studio Version 17
VisualStudioVersion = 17.3.32811.315
MinimumVisualStudioVersion = 10.0.40219.1
Project("{9A19103F-16F7-4668-BE54-9A1E7A4F7556}") = "new project", "new project.csproj", "{DBA7BC2F-BA6F-4A48-B2D4-C4A1D737B267}"
EndProject
Global
	GlobalSection(SolutionConfigurationPlatforms) = preSolution
		Debug|Any CPU = Debug|Any CPU
		Release|Any CPU = Release|Any CPU
	EndGlobalSection
	GlobalSection(ProjectConfigurationPlatforms) = postSolution
		{DBA7BC2F-BA6F-4A48-B2D4-C4A1D737B267}.Debug|Any CPU.ActiveCfg = Debug|Any CPU
		{DBA7BC2F-BA6F-4A48-B2D4-C4A1D737B267}.Debug|Any CPU.Build.0 = Debug|Any CPU
		{DBA7BC2F-BA6F-4A48-B2D4-C4A1D737B267}.Release|Any CPU.ActiveCfg = Release|Any CPU
		{DBA7BC2F-BA6F-4A48-B2D4-C4A1D737B267}.Release|Any CPU.Build.0 = Release|Any CPU
	EndGlobalSection
	GlobalSection(SolutionProperties) = preSolution
		HideSolutionNode = FALSE
	EndGlobalSection
	GlobalSection(ExtensibilityGlobals) = postSolution
		SolutionGuid = {261B1778-0C6E-4333-8BD4-10A69ECD9A0F}
	EndGlobalSection
EndGlobal
